
Microsoft Visual Studio Solution File, Format Version 12.00
# Visual Studio Version 16
VisualStudioVersion = 16.0.32126.315
MinimumVisualStudioVersion = 10.0.40219.1
Project("{FAE04EC0-301F-11D3-BF4B-00C04F79EFBC}") = "ProGitForProgrammers", "ProGitForProgrammers.csproj", "{A232649F-9830-48B8-BCCD-A37F420B5F70}"
EndProject
Global
	GlobalSection(SolutionConfigurationPlatforms) = preSolution
		Debug|Any CPU = Debug|Any CPU
		Release|Any CPU = Release|Any CPU
	EndGlobalSection
	GlobalSection(ProjectConfigurationPlatforms) = postSolution
		{A232649F-9830-48B8-BCCD-A37F420B5F70}.Debug|Any CPU.ActiveCfg = Debug|Any CPU
		{A232649F-9830-48B8-BCCD-A37F420B5F70}.Debug|Any CPU.Build.0 = Debug|Any CPU
		{A232649F-9830-48B8-BCCD-A37F420B5F70}.Release|Any CPU.ActiveCfg = Release|Any CPU
		{A232649F-9830-48B8-BCCD-A37F420B5F70}.Release|Any CPU.Build.0 = Release|Any CPU
	EndGlobalSection
	GlobalSection(SolutionProperties) = preSolution
		HideSolutionNode = FALSE
	EndGlobalSection
	GlobalSection(ExtensibilityGlobals) = postSolution
		SolutionGuid = {6456E0C3-4823-4030-AC2C-36FEAA379B97}
	EndGlobalSection
EndGlobal
